
Microsoft Visual Studio Solution File, Format Version 12.00
# Visual Studio 2012
Project("{FAE04EC0-301F-11D3-BF4B-00C04F79EFBC}") = "sep02v2", "sep02v2\sep02v2.csproj", "{8ECC0D89-CEE4-464B-A357-14C520996219}"
EndProject
Global
	GlobalSection(SolutionConfigurationPlatforms) = preSolution
		Debug|Any CPU = Debug|Any CPU
		Release|Any CPU = Release|Any CPU
	EndGlobalSection
	GlobalSection(ProjectConfigurationPlatforms) = postSolution
		{8ECC0D89-CEE4-464B-A357-14C520996219}.Debug|Any CPU.ActiveCfg = Debug|Any CPU
		{8ECC0D89-CEE4-464B-A357-14C520996219}.Debug|Any CPU.Build.0 = Debug|Any CPU
		{8ECC0D89-CEE4-464B-A357-14C520996219}.Release|Any CPU.ActiveCfg = Release|Any CPU
		{8ECC0D89-CEE4-464B-A357-14C520996219}.Release|Any CPU.Build.0 = Release|Any CPU
	EndGlobalSection
	GlobalSection(SolutionProperties) = preSolution
		HideSolutionNode = FALSE
	EndGlobalSection
EndGlobal
